
Microsoft Visual Studio Solution File, Format Version 12.00
# Visual Studio Version 17
VisualStudioVersion = 17.5.002.0
MinimumVisualStudioVersion = 10.0.40219.1
Project("{9A19103F-16F7-4668-BE54-9A1E7A4F7556}") = "Biblioteca", "Biblioteca.csproj", "{F3344616-CDC5-427E-ADCC-549B623E607D}"
EndProject
Global
	GlobalSection(SolutionConfigurationPlatforms) = preSolution
		Debug|Any CPU = Debug|Any CPU
		Release|Any CPU = Release|Any CPU
	EndGlobalSection
	GlobalSection(ProjectConfigurationPlatforms) = postSolution
		{F3344616-CDC5-427E-ADCC-549B623E607D}.Debug|Any CPU.ActiveCfg = Debug|Any CPU
		{F3344616-CDC5-427E-ADCC-549B623E607D}.Debug|Any CPU.Build.0 = Debug|Any CPU
		{F3344616-CDC5-427E-ADCC-549B623E607D}.Release|Any CPU.ActiveCfg = Release|Any CPU
		{F3344616-CDC5-427E-ADCC-549B623E607D}.Release|Any CPU.Build.0 = Release|Any CPU
	EndGlobalSection
	GlobalSection(SolutionProperties) = preSolution
		HideSolutionNode = FALSE
	EndGlobalSection
	GlobalSection(ExtensibilityGlobals) = postSolution
		SolutionGuid = {195FFA57-BCA0-44AF-97E2-2233EB7844F0}
	EndGlobalSection
EndGlobal
